
Microsoft Visual Studio Solution File, Format Version 12.00
# Visual Studio Version 17
VisualStudioVersion = 17.0.32126.317
MinimumVisualStudioVersion = 10.0.40219.1
Project("{FAE04EC0-301F-11D3-BF4B-00C04F79EFBC}") = "StudentInfoSystem", "StudentInfoSystem\StudentInfoSystem.csproj", "{A31CE820-FBD1-4E4A-B9AF-0DCEF8A2D423}"
EndProject
Project("{9A19103F-16F7-4668-BE54-9A1E7A4F7556}") = "UserLogin", "UserLogin\UserLogin.csproj", "{EBFC7586-8912-4626-B7A3-6E236689B27B}"
EndProject
Project("{9A19103F-16F7-4668-BE54-9A1E7A4F7556}") = "Expenselt", "Expenselt\Expenselt.csproj", "{ECE9B6E7-4EB7-4DEE-8285-1107122E3B83}"
EndProject
Project("{9A19103F-16F7-4668-BE54-9A1E7A4F7556}") = "WpfExample", "WpfExample\WpfExample.csproj", "{9FFEEAE5-6090-4B1F-B9CB-9A5AC7BA6076}"
EndProject
Project("{FAE04EC0-301F-11D3-BF4B-00C04F79EFBC}") = "EasyMVVM", "EasyMVVM\EasyMVVM.csproj", "{079C9FCD-DFEF-4DA2-9BB6-810B75861F85}"
EndProject
Project("{FAE04EC0-301F-11D3-BF4B-00C04F79EFBC}") = "MinimalMVVM", "PS-Lab5-example3\MinimalMVVM\MinimalMVVM.csproj", "{A71E07A6-F620-46E1-8C30-D6AE9552136A}"
EndProject
Global
	GlobalSection(SolutionConfigurationPlatforms) = preSolution
		Debug|Any CPU = Debug|Any CPU
		Debug|x64 = Debug|x64
		Debug|x86 = Debug|x86
		Release|Any CPU = Release|Any CPU
		Release|x64 = Release|x64
		Release|x86 = Release|x86
	EndGlobalSection
	GlobalSection(ProjectConfigurationPlatforms) = postSolution
		{A31CE820-FBD1-4E4A-B9AF-0DCEF8A2D423}.Debug|Any CPU.ActiveCfg = Debug|Any CPU
		{A31CE820-FBD1-4E4A-B9AF-0DCEF8A2D423}.Debug|Any CPU.Build.0 = Debug|Any CPU
		{A31CE820-FBD1-4E4A-B9AF-0DCEF8A2D423}.Debug|x64.ActiveCfg = Debug|Any CPU
		{A31CE820-FBD1-4E4A-B9AF-0DCEF8A2D423}.Debug|x64.Build.0 = Debug|Any CPU
		{A31CE820-FBD1-4E4A-B9AF-0DCEF8A2D423}.Debug|x86.ActiveCfg = Debug|Any CPU
		{A31CE820-FBD1-4E4A-B9AF-0DCEF8A2D423}.Debug|x86.Build.0 = Debug|Any CPU
		{A31CE820-FBD1-4E4A-B9AF-0DCEF8A2D423}.Release|Any CPU.ActiveCfg = Release|Any CPU
		{A31CE820-FBD1-4E4A-B9AF-0DCEF8A2D423}.Release|Any CPU.Build.0 = Release|Any CPU
		{A31CE820-FBD1-4E4A-B9AF-0DCEF8A2D423}.Release|x64.ActiveCfg = Release|Any CPU
		{A31CE820-FBD1-4E4A-B9AF-0DCEF8A2D423}.Release|x64.Build.0 = Release|Any CPU
		{A31CE820-FBD1-4E4A-B9AF-0DCEF8A2D423}.Release|x86.ActiveCfg = Release|Any CPU
		{A31CE820-FBD1-4E4A-B9AF-0DCEF8A2D423}.Release|x86.Build.0 = Release|Any CPU
		{EBFC7586-8912-4626-B7A3-6E236689B27B}.Debug|Any CPU.ActiveCfg = Debug|Any CPU
		{EBFC7586-8912-4626-B7A3-6E236689B27B}.Debug|Any CPU.Build.0 = Debug|Any CPU
		{EBFC7586-8912-4626-B7A3-6E236689B27B}.Debug|x64.ActiveCfg = Debug|Any CPU
		{EBFC7586-8912-4626-B7A3-6E236689B27B}.Debug|x64.Build.0 = Debug|Any CPU
		{EBFC7586-8912-4626-B7A3-6E236689B27B}.Debug|x86.ActiveCfg = Debug|Any CPU
		{EBFC7586-8912-4626-B7A3-6E236689B27B}.Debug|x86.Build.0 = Debug|Any CPU
		{EBFC7586-8912-4626-B7A3-6E236689B27B}.Release|Any CPU.ActiveCfg = Release|Any CPU
		{EBFC7586-8912-4626-B7A3-6E236689B27B}.Release|Any CPU.Build.0 = Release|Any CPU
		{EBFC7586-8912-4626-B7A3-6E236689B27B}.Release|x64.ActiveCfg = Release|Any CPU
		{EBFC7586-8912-4626-B7A3-6E236689B27B}.Release|x64.Build.0 = Release|Any CPU
		{EBFC7586-8912-4626-B7A3-6E236689B27B}.Release|x86.ActiveCfg = Release|Any CPU
		{EBFC7586-8912-4626-B7A3-6E236689B27B}.Release|x86.Build.0 = Release|Any CPU
		{ECE9B6E7-4EB7-4DEE-8285-1107122E3B83}.Debug|Any CPU.ActiveCfg = Debug|Any CPU
		{ECE9B6E7-4EB7-4DEE-8285-1107122E3B83}.Debug|Any CPU.Build.0 = Debug|Any CPU
		{ECE9B6E7-4EB7-4DEE-8285-1107122E3B83}.Debug|x64.ActiveCfg = Debug|Any CPU
		{ECE9B6E7-4EB7-4DEE-8285-1107122E3B83}.Debug|x64.Build.0 = Debug|Any CPU
		{ECE9B6E7-4EB7-4DEE-8285-1107122E3B83}.Debug|x86.ActiveCfg = Debug|Any CPU
		{ECE9B6E7-4EB7-4DEE-8285-1107122E3B83}.Debug|x86.Build.0 = Debug|Any CPU
		{ECE9B6E7-4EB7-4DEE-8285-1107122E3B83}.Release|Any CPU.ActiveCfg = Release|Any CPU
		{ECE9B6E7-4EB7-4DEE-8285-1107122E3B83}.Release|Any CPU.Build.0 = Release|Any CPU
		{ECE9B6E7-4EB7-4DEE-8285-1107122E3B83}.Release|x64.ActiveCfg = Release|Any CPU
		{ECE9B6E7-4EB7-4DEE-8285-1107122E3B83}.Release|x64.Build.0 = Release|Any CPU
		{ECE9B6E7-4EB7-4DEE-8285-1107122E3B83}.Release|x86.ActiveCfg = Release|Any CPU
		{ECE9B6E7-4EB7-4DEE-8285-1107122E3B83}.Release|x86.Build.0 = Release|Any CPU
		{9FFEEAE5-6090-4B1F-B9CB-9A5AC7BA6076}.Debug|Any CPU.ActiveCfg = Debug|Any CPU
		{9FFEEAE5-6090-4B1F-B9CB-9A5AC7BA6076}.Debug|Any CPU.Build.0 = Debug|Any CPU
		{9FFEEAE5-6090-4B1F-B9CB-9A5AC7BA6076}.Debug|x64.ActiveCfg = Debug|Any CPU
		{9FFEEAE5-6090-4B1F-B9CB-9A5AC7BA6076}.Debug|x64.Build.0 = Debug|Any CPU
		{9FFEEAE5-6090-4B1F-B9CB-9A5AC7BA6076}.Debug|x86.ActiveCfg = Debug|Any CPU
		{9FFEEAE5-6090-4B1F-B9CB-9A5AC7BA6076}.Debug|x86.Build.0 = Debug|Any CPU
		{9FFEEAE5-6090-4B1F-B9CB-9A5AC7BA6076}.Release|Any CPU.ActiveCfg = Release|Any CPU
		{9FFEEAE5-6090-4B1F-B9CB-9A5AC7BA6076}.Release|Any CPU.Build.0 = Release|Any CPU
		{9FFEEAE5-6090-4B1F-B9CB-9A5AC7BA6076}.Release|x64.ActiveCfg = Release|Any CPU
		{9FFEEAE5-6090-4B1F-B9CB-9A5AC7BA6076}.Release|x64.Build.0 = Release|Any CPU
		{9FFEEAE5-6090-4B1F-B9CB-9A5AC7BA6076}.Release|x86.ActiveCfg = Release|Any CPU
		{9FFEEAE5-6090-4B1F-B9CB-9A5AC7BA6076}.Release|x86.Build.0 = Release|Any CPU
		{079C9FCD-DFEF-4DA2-9BB6-810B75861F85}.Debug|Any CPU.ActiveCfg = Debug|Any CPU
		{079C9FCD-DFEF-4DA2-9BB6-810B75861F85}.Debug|Any CPU.Build.0 = Debug|Any CPU
		{079C9FCD-DFEF-4DA2-9BB6-810B75861F85}.Debug|x64.ActiveCfg = Debug|Any CPU
		{079C9FCD-DFEF-4DA2-9BB6-810B75861F85}.Debug|x64.Build.0 = Debug|Any CPU
		{079C9FCD-DFEF-4DA2-9BB6-810B75861F85}.Debug|x86.ActiveCfg = Debug|Any CPU
		{079C9FCD-DFEF-4DA2-9BB6-810B75861F85}.Debug|x86.Build.0 = Debug|Any CPU
		{079C9FCD-DFEF-4DA2-9BB6-810B75861F85}.Release|Any CPU.ActiveCfg = Release|Any CPU
		{079C9FCD-DFEF-4DA2-9BB6-810B75861F85}.Release|Any CPU.Build.0 = Release|Any CPU
		{079C9FCD-DFEF-4DA2-9BB6-810B75861F85}.Release|x64.ActiveCfg = Release|Any CPU
		{079C9FCD-DFEF-4DA2-9BB6-810B75861F85}.Release|x64.Build.0 = Release|Any CPU
		{079C9FCD-DFEF-4DA2-9BB6-810B75861F85}.Release|x86.ActiveCfg = Release|Any CPU
		{079C9FCD-DFEF-4DA2-9BB6-810B75861F85}.Release|x86.Build.0 = Release|Any CPU
		{A71E07A6-F620-46E1-8C30-D6AE9552136A}.Debug|Any CPU.ActiveCfg = Debug|Any CPU
		{A71E07A6-F620-46E1-8C30-D6AE9552136A}.Debug|Any CPU.Build.0 = Debug|Any CPU
		{A71E07A6-F620-46E1-8C30-D6AE9552136A}.Debug|x64.ActiveCfg = Debug|Any CPU
		{A71E07A6-F620-46E1-8C30-D6AE9552136A}.Debug|x64.Build.0 = Debug|Any CPU
		{A71E07A6-F620-46E1-8C30-D6AE9552136A}.Debug|x86.ActiveCfg = Debug|Any CPU
		{A71E07A6-F620-46E1-8C30-D6AE9552136A}.Debug|x86.Build.0 = Debug|Any CPU
		{A71E07A6-F620-46E1-8C30-D6AE9552136A}.Release|Any CPU.ActiveCfg = Release|Any CPU
		{A71E07A6-F620-46E1-8C30-D6AE9552136A}.Release|Any CPU.Build.0 = Release|Any CPU
		{A71E07A6-F620-46E1-8C30-D6AE9552136A}.Release|x64.ActiveCfg = Release|Any CPU
		{A71E07A6-F620-46E1-8C30-D6AE9552136A}.Release|x64.Build.0 = Release|Any CPU
		{A71E07A6-F620-46E1-8C30-D6AE9552136A}.Release|x86.ActiveCfg = Release|Any CPU
		{A71E07A6-F620-46E1-8C30-D6AE9552136A}.Release|x86.Build.0 = Release|Any CPU
	EndGlobalSection
	GlobalSection(SolutionProperties) = preSolution
		HideSolutionNode = FALSE
	EndGlobalSection
	GlobalSection(ExtensibilityGlobals) = postSolution
		SolutionGuid = {30A1AB8A-0BA8-42FC-9C2E-2EB3AA6A2E63}
	EndGlobalSection
EndGlobal
